
Microsoft Visual Studio Solution File, Format Version 12.00
# Visual Studio Version 16
VisualStudioVersion = 16.0.31025.194
MinimumVisualStudioVersion = 10.0.40219.1
Project("{9A19103F-16F7-4668-BE54-9A1E7A4F7556}") = "CH Color Editor", "CHColourEditor\CH Color Editor.csproj", "{02ED7AD7-A577-48FA-9F2B-208C3D6E1E7C}"
	ProjectSection(ProjectDependencies) = postProject
		{6FEB82F6-0FBF-4E12-9D71-43C00398EC02} = {6FEB82F6-0FBF-4E12-9D71-43C00398EC02}
	EndProjectSection
EndProject
Global
	GlobalSection(SolutionConfigurationPlatforms) = preSolution
		Debug|Any CPU = Debug|Any CPU
		Release|Any CPU = Release|Any CPU
	EndGlobalSection
	GlobalSection(ProjectConfigurationPlatforms) = postSolution
		{02ED7AD7-A577-48FA-9F2B-208C3D6E1E7C}.Debug|Any CPU.ActiveCfg = Debug|Any CPU
		{02ED7AD7-A577-48FA-9F2B-208C3D6E1E7C}.Debug|Any CPU.Build.0 = Debug|Any CPU
		{02ED7AD7-A577-48FA-9F2B-208C3D6E1E7C}.Release|Any CPU.ActiveCfg = Release|Any CPU
		{02ED7AD7-A577-48FA-9F2B-208C3D6E1E7C}.Release|Any CPU.Build.0 = Release|Any CPU
		{6FEB82F6-0FBF-4E12-9D71-43C00398EC02}.Debug|Any CPU.ActiveCfg = Debug|Any CPU
		{6FEB82F6-0FBF-4E12-9D71-43C00398EC02}.Debug|Any CPU.Build.0 = Debug|Any CPU
		{6FEB82F6-0FBF-4E12-9D71-43C00398EC02}.Release|Any CPU.ActiveCfg = Release|Any CPU
		{6FEB82F6-0FBF-4E12-9D71-43C00398EC02}.Release|Any CPU.Build.0 = Release|Any CPU
	EndGlobalSection
	GlobalSection(SolutionProperties) = preSolution
		HideSolutionNode = FALSE
	EndGlobalSection
	GlobalSection(ExtensibilityGlobals) = postSolution
		SolutionGuid = {CAD3375D-EDB7-4F13-933D-10B4448B638E}
	EndGlobalSection
EndGlobal
